
Microsoft Visual Studio Solution File, Format Version 12.00
# Visual Studio Version 17
VisualStudioVersion = 17.6.33717.318
MinimumVisualStudioVersion = 10.0.40219.1
Project("{2150E333-8FDC-42A3-9474-1A3956D46DE8}") = "Creational", "Creational", "{400C5213-0FB4-4076-8694-E92E47EAF432}"
EndProject
Project("{2150E333-8FDC-42A3-9474-1A3956D46DE8}") = "Structural", "Structural", "{D0F020E0-DF8F-4479-BEB9-89F6A6F93AB6}"
EndProject
Project("{2150E333-8FDC-42A3-9474-1A3956D46DE8}") = "Behavioral", "Behavioral", "{7206A1AD-B466-4BB8-8FAF-83C0E7B439D5}"
EndProject
Project("{9A19103F-16F7-4668-BE54-9A1E7A4F7556}") = "FactoryMethod", "FactoryMethod\FactoryMethod.csproj", "{AB464198-D891-4B52-BBAC-E2AFEAFC383F}"
EndProject
Project("{9A19103F-16F7-4668-BE54-9A1E7A4F7556}") = "AbstractFactory", "AbstractFactory\AbstractFactory.csproj", "{CD86C036-5A62-41C9-9BFA-FBDFE2F85572}"
EndProject
Project("{9A19103F-16F7-4668-BE54-9A1E7A4F7556}") = "Builder", "Builder\Builder.csproj", "{A00A9B68-E399-48E8-B42B-8F49613DEA17}"
EndProject
Project("{9A19103F-16F7-4668-BE54-9A1E7A4F7556}") = "Prototype", "Prototype\Prototype.csproj", "{67B69C98-0BF0-47D4-9D6A-42DE5F03B0CE}"
EndProject
Project("{9A19103F-16F7-4668-BE54-9A1E7A4F7556}") = "Singleton", "Singleton\Singleton.csproj", "{6A3AB551-6B05-430F-AB73-42215B00ED7F}"
EndProject
Project("{9A19103F-16F7-4668-BE54-9A1E7A4F7556}") = "Adapter", "Adapter\Adapter.csproj", "{441B04F5-ACB1-4C85-9CF1-69B6FBA8904D}"
EndProject
Project("{9A19103F-16F7-4668-BE54-9A1E7A4F7556}") = "Bridge", "Bridge\Bridge.csproj", "{F5D15EA1-8914-4DA4-8426-9722392456D3}"
EndProject
Project("{9A19103F-16F7-4668-BE54-9A1E7A4F7556}") = "Proxy", "Proxy\Proxy.csproj", "{A893EAB3-15D0-4181-8856-A0724BDF113A}"
EndProject
Project("{9A19103F-16F7-4668-BE54-9A1E7A4F7556}") = "Facade", "Facade\Facade.csproj", "{89C29752-6A48-4169-A578-71943FE0E1C2}"
EndProject
Project("{9A19103F-16F7-4668-BE54-9A1E7A4F7556}") = "Composite", "Composite\Composite.csproj", "{20BE1968-FD92-4626-A5CC-41A6F45DC665}"
EndProject
Project("{9A19103F-16F7-4668-BE54-9A1E7A4F7556}") = "Decorator", "Decorator\Decorator.csproj", "{CBFBFB1C-2C90-4FF7-811B-4C5BEF684F51}"
EndProject
Project("{9A19103F-16F7-4668-BE54-9A1E7A4F7556}") = "Flyweight", "Flyweight\Flyweight.csproj", "{8E0F1052-339B-471F-8789-BB9C28C358B3}"
EndProject
Project("{9A19103F-16F7-4668-BE54-9A1E7A4F7556}") = "ChainOfResponsibility", "ChainOfResponsibility\ChainOfResponsibility.csproj", "{12DEFCFA-FB5D-4392-951D-3D900D337F76}"
EndProject
Project("{9A19103F-16F7-4668-BE54-9A1E7A4F7556}") = "Observer", "Observer\Observer.csproj", "{34C6AA0A-8D64-4E05-8063-1E5B9367D4FD}"
EndProject
Project("{9A19103F-16F7-4668-BE54-9A1E7A4F7556}") = "Iterator", "Iterator\Iterator.csproj", "{968EFC14-5D87-440E-9F76-522623B7A523}"
EndProject
Project("{9A19103F-16F7-4668-BE54-9A1E7A4F7556}") = "Command", "Command\Command.csproj", "{6A521770-3502-456B-90A1-D1CD26DED348}"
EndProject
Project("{9A19103F-16F7-4668-BE54-9A1E7A4F7556}") = "State", "State\State.csproj", "{3D6C5117-18D1-4164-AA44-D5272E16909F}"
EndProject
Project("{9A19103F-16F7-4668-BE54-9A1E7A4F7556}") = "Strategy", "Strategy\Strategy.csproj", "{EABF04BE-489E-4180-AD93-67CEFFF9A9E6}"
EndProject
Project("{9A19103F-16F7-4668-BE54-9A1E7A4F7556}") = "Memento", "Memento\Memento.csproj", "{62D961BA-7AFD-4CB9-8CE0-DB7CEDB93902}"
EndProject
Project("{9A19103F-16F7-4668-BE54-9A1E7A4F7556}") = "Visitor", "Visitor\Visitor.csproj", "{B012C31A-74EF-4863-BEC6-D592946E973F}"
EndProject
Project("{9A19103F-16F7-4668-BE54-9A1E7A4F7556}") = "TemplateMethod", "TemplateMethod\TemplateMethod.csproj", "{5AA726EF-F0EA-4FA1-962F-4D535218C07B}"
EndProject
Project("{9A19103F-16F7-4668-BE54-9A1E7A4F7556}") = "Mediator", "Mediator\Mediator.csproj", "{93873262-B416-480C-A1F3-5EABC5C02D69}"
EndProject
Project("{2150E333-8FDC-42A3-9474-1A3956D46DE8}") = "Solution Items", "Solution Items", "{05133A7A-A96A-4329-8B9B-32BCC38583C5}"
	ProjectSection(SolutionItems) = preProject
		.editorconfig = .editorconfig
	EndProjectSection
EndProject
Global
	GlobalSection(SolutionConfigurationPlatforms) = preSolution
		Debug|Any CPU = Debug|Any CPU
		Release|Any CPU = Release|Any CPU
	EndGlobalSection
	GlobalSection(ProjectConfigurationPlatforms) = postSolution
		{AB464198-D891-4B52-BBAC-E2AFEAFC383F}.Debug|Any CPU.ActiveCfg = Debug|Any CPU
		{AB464198-D891-4B52-BBAC-E2AFEAFC383F}.Debug|Any CPU.Build.0 = Debug|Any CPU
		{AB464198-D891-4B52-BBAC-E2AFEAFC383F}.Release|Any CPU.ActiveCfg = Release|Any CPU
		{AB464198-D891-4B52-BBAC-E2AFEAFC383F}.Release|Any CPU.Build.0 = Release|Any CPU
		{CD86C036-5A62-41C9-9BFA-FBDFE2F85572}.Debug|Any CPU.ActiveCfg = Debug|Any CPU
		{CD86C036-5A62-41C9-9BFA-FBDFE2F85572}.Debug|Any CPU.Build.0 = Debug|Any CPU
		{CD86C036-5A62-41C9-9BFA-FBDFE2F85572}.Release|Any CPU.ActiveCfg = Release|Any CPU
		{CD86C036-5A62-41C9-9BFA-FBDFE2F85572}.Release|Any CPU.Build.0 = Release|Any CPU
		{A00A9B68-E399-48E8-B42B-8F49613DEA17}.Debug|Any CPU.ActiveCfg = Debug|Any CPU
		{A00A9B68-E399-48E8-B42B-8F49613DEA17}.Debug|Any CPU.Build.0 = Debug|Any CPU
		{A00A9B68-E399-48E8-B42B-8F49613DEA17}.Release|Any CPU.ActiveCfg = Release|Any CPU
		{A00A9B68-E399-48E8-B42B-8F49613DEA17}.Release|Any CPU.Build.0 = Release|Any CPU
		{67B69C98-0BF0-47D4-9D6A-42DE5F03B0CE}.Debug|Any CPU.ActiveCfg = Debug|Any CPU
		{67B69C98-0BF0-47D4-9D6A-42DE5F03B0CE}.Debug|Any CPU.Build.0 = Debug|Any CPU
		{67B69C98-0BF0-47D4-9D6A-42DE5F03B0CE}.Release|Any CPU.ActiveCfg = Release|Any CPU
		{67B69C98-0BF0-47D4-9D6A-42DE5F03B0CE}.Release|Any CPU.Build.0 = Release|Any CPU
		{6A3AB551-6B05-430F-AB73-42215B00ED7F}.Debug|Any CPU.ActiveCfg = Debug|Any CPU
		{6A3AB551-6B05-430F-AB73-42215B00ED7F}.Debug|Any CPU.Build.0 = Debug|Any CPU
		{6A3AB551-6B05-430F-AB73-42215B00ED7F}.Release|Any CPU.ActiveCfg = Release|Any CPU
		{6A3AB551-6B05-430F-AB73-42215B00ED7F}.Release|Any CPU.Build.0 = Release|Any CPU
		{441B04F5-ACB1-4C85-9CF1-69B6FBA8904D}.Debug|Any CPU.ActiveCfg = Debug|Any CPU
		{441B04F5-ACB1-4C85-9CF1-69B6FBA8904D}.Debug|Any CPU.Build.0 = Debug|Any CPU
		{441B04F5-ACB1-4C85-9CF1-69B6FBA8904D}.Release|Any CPU.ActiveCfg = Release|Any CPU
		{441B04F5-ACB1-4C85-9CF1-69B6FBA8904D}.Release|Any CPU.Build.0 = Release|Any CPU
		{F5D15EA1-8914-4DA4-8426-9722392456D3}.Debug|Any CPU.ActiveCfg = Debug|Any CPU
		{F5D15EA1-8914-4DA4-8426-9722392456D3}.Debug|Any CPU.Build.0 = Debug|Any CPU
		{F5D15EA1-8914-4DA4-8426-9722392456D3}.Release|Any CPU.ActiveCfg = Release|Any CPU
		{F5D15EA1-8914-4DA4-8426-9722392456D3}.Release|Any CPU.Build.0 = Release|Any CPU
		{A893EAB3-15D0-4181-8856-A0724BDF113A}.Debug|Any CPU.ActiveCfg = Debug|Any CPU
		{A893EAB3-15D0-4181-8856-A0724BDF113A}.Debug|Any CPU.Build.0 = Debug|Any CPU
		{A893EAB3-15D0-4181-8856-A0724BDF113A}.Release|Any CPU.ActiveCfg = Release|Any CPU
		{A893EAB3-15D0-4181-8856-A0724BDF113A}.Release|Any CPU.Build.0 = Release|Any CPU
		{89C29752-6A48-4169-A578-71943FE0E1C2}.Debug|Any CPU.ActiveCfg = Debug|Any CPU
		{89C29752-6A48-4169-A578-71943FE0E1C2}.Debug|Any CPU.Build.0 = Debug|Any CPU
		{89C29752-6A48-4169-A578-71943FE0E1C2}.Release|Any CPU.ActiveCfg = Release|Any CPU
		{89C29752-6A48-4169-A578-71943FE0E1C2}.Release|Any CPU.Build.0 = Release|Any CPU
		{20BE1968-FD92-4626-A5CC-41A6F45DC665}.Debug|Any CPU.ActiveCfg = Debug|Any CPU
		{20BE1968-FD92-4626-A5CC-41A6F45DC665}.Debug|Any CPU.Build.0 = Debug|Any CPU
		{20BE1968-FD92-4626-A5CC-41A6F45DC665}.Release|Any CPU.ActiveCfg = Release|Any CPU
		{20BE1968-FD92-4626-A5CC-41A6F45DC665}.Release|Any CPU.Build.0 = Release|Any CPU
		{CBFBFB1C-2C90-4FF7-811B-4C5BEF684F51}.Debug|Any CPU.ActiveCfg = Debug|Any CPU
		{CBFBFB1C-2C90-4FF7-811B-4C5BEF684F51}.Debug|Any CPU.Build.0 = Debug|Any CPU
		{CBFBFB1C-2C90-4FF7-811B-4C5BEF684F51}.Release|Any CPU.ActiveCfg = Release|Any CPU
		{CBFBFB1C-2C90-4FF7-811B-4C5BEF684F51}.Release|Any CPU.Build.0 = Release|Any CPU
		{8E0F1052-339B-471F-8789-BB9C28C358B3}.Debug|Any CPU.ActiveCfg = Debug|Any CPU
		{8E0F1052-339B-471F-8789-BB9C28C358B3}.Debug|Any CPU.Build.0 = Debug|Any CPU
		{8E0F1052-339B-471F-8789-BB9C28C358B3}.Release|Any CPU.ActiveCfg = Release|Any CPU
		{8E0F1052-339B-471F-8789-BB9C28C358B3}.Release|Any CPU.Build.0 = Release|Any CPU
		{12DEFCFA-FB5D-4392-951D-3D900D337F76}.Debug|Any CPU.ActiveCfg = Debug|Any CPU
		{12DEFCFA-FB5D-4392-951D-3D900D337F76}.Debug|Any CPU.Build.0 = Debug|Any CPU
		{12DEFCFA-FB5D-4392-951D-3D900D337F76}.Release|Any CPU.ActiveCfg = Release|Any CPU
		{12DEFCFA-FB5D-4392-951D-3D900D337F76}.Release|Any CPU.Build.0 = Release|Any CPU
		{34C6AA0A-8D64-4E05-8063-1E5B9367D4FD}.Debug|Any CPU.ActiveCfg = Debug|Any CPU
		{34C6AA0A-8D64-4E05-8063-1E5B9367D4FD}.Debug|Any CPU.Build.0 = Debug|Any CPU
		{34C6AA0A-8D64-4E05-8063-1E5B9367D4FD}.Release|Any CPU.ActiveCfg = Release|Any CPU
		{34C6AA0A-8D64-4E05-8063-1E5B9367D4FD}.Release|Any CPU.Build.0 = Release|Any CPU
		{968EFC14-5D87-440E-9F76-522623B7A523}.Debug|Any CPU.ActiveCfg = Debug|Any CPU
		{968EFC14-5D87-440E-9F76-522623B7A523}.Debug|Any CPU.Build.0 = Debug|Any CPU
		{968EFC14-5D87-440E-9F76-522623B7A523}.Release|Any CPU.ActiveCfg = Release|Any CPU
		{968EFC14-5D87-440E-9F76-522623B7A523}.Release|Any CPU.Build.0 = Release|Any CPU
		{6A521770-3502-456B-90A1-D1CD26DED348}.Debug|Any CPU.ActiveCfg = Debug|Any CPU
		{6A521770-3502-456B-90A1-D1CD26DED348}.Debug|Any CPU.Build.0 = Debug|Any CPU
		{6A521770-3502-456B-90A1-D1CD26DED348}.Release|Any CPU.ActiveCfg = Release|Any CPU
		{6A521770-3502-456B-90A1-D1CD26DED348}.Release|Any CPU.Build.0 = Release|Any CPU
		{3D6C5117-18D1-4164-AA44-D5272E16909F}.Debug|Any CPU.ActiveCfg = Debug|Any CPU
		{3D6C5117-18D1-4164-AA44-D5272E16909F}.Debug|Any CPU.Build.0 = Debug|Any CPU
		{3D6C5117-18D1-4164-AA44-D5272E16909F}.Release|Any CPU.ActiveCfg = Release|Any CPU
		{3D6C5117-18D1-4164-AA44-D5272E16909F}.Release|Any CPU.Build.0 = Release|Any CPU
		{EABF04BE-489E-4180-AD93-67CEFFF9A9E6}.Debug|Any CPU.ActiveCfg = Debug|Any CPU
		{EABF04BE-489E-4180-AD93-67CEFFF9A9E6}.Debug|Any CPU.Build.0 = Debug|Any CPU
		{EABF04BE-489E-4180-AD93-67CEFFF9A9E6}.Release|Any CPU.ActiveCfg = Release|Any CPU
		{EABF04BE-489E-4180-AD93-67CEFFF9A9E6}.Release|Any CPU.Build.0 = Release|Any CPU
		{62D961BA-7AFD-4CB9-8CE0-DB7CEDB93902}.Debug|Any CPU.ActiveCfg = Debug|Any CPU
		{62D961BA-7AFD-4CB9-8CE0-DB7CEDB93902}.Debug|Any CPU.Build.0 = Debug|Any CPU
		{62D961BA-7AFD-4CB9-8CE0-DB7CEDB93902}.Release|Any CPU.ActiveCfg = Release|Any CPU
		{62D961BA-7AFD-4CB9-8CE0-DB7CEDB93902}.Release|Any CPU.Build.0 = Release|Any CPU
		{B012C31A-74EF-4863-BEC6-D592946E973F}.Debug|Any CPU.ActiveCfg = Debug|Any CPU
		{B012C31A-74EF-4863-BEC6-D592946E973F}.Debug|Any CPU.Build.0 = Debug|Any CPU
		{B012C31A-74EF-4863-BEC6-D592946E973F}.Release|Any CPU.ActiveCfg = Release|Any CPU
		{B012C31A-74EF-4863-BEC6-D592946E973F}.Release|Any CPU.Build.0 = Release|Any CPU
		{5AA726EF-F0EA-4FA1-962F-4D535218C07B}.Debug|Any CPU.ActiveCfg = Debug|Any CPU
		{5AA726EF-F0EA-4FA1-962F-4D535218C07B}.Debug|Any CPU.Build.0 = Debug|Any CPU
		{5AA726EF-F0EA-4FA1-962F-4D535218C07B}.Release|Any CPU.ActiveCfg = Release|Any CPU
		{5AA726EF-F0EA-4FA1-962F-4D535218C07B}.Release|Any CPU.Build.0 = Release|Any CPU
		{93873262-B416-480C-A1F3-5EABC5C02D69}.Debug|Any CPU.ActiveCfg = Debug|Any CPU
		{93873262-B416-480C-A1F3-5EABC5C02D69}.Debug|Any CPU.Build.0 = Debug|Any CPU
		{93873262-B416-480C-A1F3-5EABC5C02D69}.Release|Any CPU.ActiveCfg = Release|Any CPU
		{93873262-B416-480C-A1F3-5EABC5C02D69}.Release|Any CPU.Build.0 = Release|Any CPU
	EndGlobalSection
	GlobalSection(SolutionProperties) = preSolution
		HideSolutionNode = FALSE
	EndGlobalSection
	GlobalSection(NestedProjects) = preSolution
		{AB464198-D891-4B52-BBAC-E2AFEAFC383F} = {400C5213-0FB4-4076-8694-E92E47EAF432}
		{CD86C036-5A62-41C9-9BFA-FBDFE2F85572} = {400C5213-0FB4-4076-8694-E92E47EAF432}
		{A00A9B68-E399-48E8-B42B-8F49613DEA17} = {400C5213-0FB4-4076-8694-E92E47EAF432}
		{67B69C98-0BF0-47D4-9D6A-42DE5F03B0CE} = {400C5213-0FB4-4076-8694-E92E47EAF432}
		{6A3AB551-6B05-430F-AB73-42215B00ED7F} = {400C5213-0FB4-4076-8694-E92E47EAF432}
		{441B04F5-ACB1-4C85-9CF1-69B6FBA8904D} = {D0F020E0-DF8F-4479-BEB9-89F6A6F93AB6}
		{F5D15EA1-8914-4DA4-8426-9722392456D3} = {D0F020E0-DF8F-4479-BEB9-89F6A6F93AB6}
		{A893EAB3-15D0-4181-8856-A0724BDF113A} = {D0F020E0-DF8F-4479-BEB9-89F6A6F93AB6}
		{89C29752-6A48-4169-A578-71943FE0E1C2} = {D0F020E0-DF8F-4479-BEB9-89F6A6F93AB6}
		{20BE1968-FD92-4626-A5CC-41A6F45DC665} = {D0F020E0-DF8F-4479-BEB9-89F6A6F93AB6}
		{CBFBFB1C-2C90-4FF7-811B-4C5BEF684F51} = {D0F020E0-DF8F-4479-BEB9-89F6A6F93AB6}
		{8E0F1052-339B-471F-8789-BB9C28C358B3} = {D0F020E0-DF8F-4479-BEB9-89F6A6F93AB6}
		{12DEFCFA-FB5D-4392-951D-3D900D337F76} = {7206A1AD-B466-4BB8-8FAF-83C0E7B439D5}
		{34C6AA0A-8D64-4E05-8063-1E5B9367D4FD} = {7206A1AD-B466-4BB8-8FAF-83C0E7B439D5}
		{968EFC14-5D87-440E-9F76-522623B7A523} = {7206A1AD-B466-4BB8-8FAF-83C0E7B439D5}
		{6A521770-3502-456B-90A1-D1CD26DED348} = {7206A1AD-B466-4BB8-8FAF-83C0E7B439D5}
		{3D6C5117-18D1-4164-AA44-D5272E16909F} = {7206A1AD-B466-4BB8-8FAF-83C0E7B439D5}
		{EABF04BE-489E-4180-AD93-67CEFFF9A9E6} = {7206A1AD-B466-4BB8-8FAF-83C0E7B439D5}
		{62D961BA-7AFD-4CB9-8CE0-DB7CEDB93902} = {7206A1AD-B466-4BB8-8FAF-83C0E7B439D5}
		{B012C31A-74EF-4863-BEC6-D592946E973F} = {7206A1AD-B466-4BB8-8FAF-83C0E7B439D5}
		{5AA726EF-F0EA-4FA1-962F-4D535218C07B} = {7206A1AD-B466-4BB8-8FAF-83C0E7B439D5}
		{93873262-B416-480C-A1F3-5EABC5C02D69} = {7206A1AD-B466-4BB8-8FAF-83C0E7B439D5}
	EndGlobalSection
	GlobalSection(ExtensibilityGlobals) = postSolution
		SolutionGuid = {22404F3E-0D22-4B4F-8561-2932264A5B79}
	EndGlobalSection
EndGlobal
